Microsoft Visual Studio Solution File, Format Version 12.00
# Visual Studio Version 17
VisualStudioVersion = 17.5.2.0
MinimumVisualStudioVersion = 10.0.40219.1
Project("{FAE04EC0-301F-11D3-BF4B-00C04F79EFBC}") = "MessengerApi", "MessengerApi.csproj", "{B7073CE8-72B0-BDA7-7D57-ADA89880A551}"
EndProject
Global
	GlobalSection(SolutionConfigurationPlatforms) = preSolution
		Debug|Any CPU = Debug|Any CPU
		Release|Any CPU = Release|Any CPU
	EndGlobalSection
	GlobalSection(ProjectConfigurationPlatforms) = postSolution
		{B7073CE8-72B0-BDA7-7D57-ADA89880A551}.Debug|Any CPU.ActiveCfg = Debug|Any CPU
		{B7073CE8-72B0-BDA7-7D57-ADA89880A551}.Debug|Any CPU.Build.0 = Debug|Any CPU
		{B7073CE8-72B0-BDA7-7D57-ADA89880A551}.Release|Any CPU.ActiveCfg = Release|Any CPU
		{B7073CE8-72B0-BDA7-7D57-ADA89880A551}.Release|Any CPU.Build.0 = Release|Any CPU
	EndGlobalSection
	GlobalSection(SolutionProperties) = preSolution
		HideSolutionNode = FALSE
	EndGlobalSection
	GlobalSection(ExtensibilityGlobals) = postSolution
		SolutionGuid = {19FFC137-383C-41DC-AC13-A3C993A3728A}
	EndGlobalSection
EndGlobal
